
Microsoft Visual Studio Solution File, Format Version 12.00
# Visual Studio Version 17
VisualStudioVersion = 17.10.35122.118
MinimumVisualStudioVersion = 10.0.40219.1
Project("{FAE04EC0-301F-11D3-BF4B-00C04F79EFBC}") = "EjercicioHerencia", "EjercicioHerencia\EjercicioHerencia.csproj", "{9B7A3793-D36F-4684-9AB7-65A0953BAD24}"
EndProject
Global
	GlobalSection(SolutionConfigurationPlatforms) = preSolution
		Debug|Any CPU = Debug|Any CPU
		Release|Any CPU = Release|Any CPU
	EndGlobalSection
	GlobalSection(ProjectConfigurationPlatforms) = postSolution
		{9B7A3793-D36F-4684-9AB7-65A0953BAD24}.Debug|Any CPU.ActiveCfg = Debug|Any CPU
		{9B7A3793-D36F-4684-9AB7-65A0953BAD24}.Debug|Any CPU.Build.0 = Debug|Any CPU
		{9B7A3793-D36F-4684-9AB7-65A0953BAD24}.Release|Any CPU.ActiveCfg = Release|Any CPU
		{9B7A3793-D36F-4684-9AB7-65A0953BAD24}.Release|Any CPU.Build.0 = Release|Any CPU
	EndGlobalSection
	GlobalSection(SolutionProperties) = preSolution
		HideSolutionNode = FALSE
	EndGlobalSection
	GlobalSection(ExtensibilityGlobals) = postSolution
		SolutionGuid = {208DCCB0-9D6E-462F-B4FB-67BEBC429B42}
	EndGlobalSection
EndGlobal
